
Microsoft Visual Studio Solution File, Format Version 12.00
# Visual Studio 15
VisualStudioVersion = 15.0.28010.2050
MinimumVisualStudioVersion = 10.0.40219.1
Project("{FAE04EC0-301F-11D3-BF4B-00C04F79EFBC}") = "CalendarTest", "CalendarTest\CalendarTest.csproj", "{36644834-1218-4C32-9A64-ECCC8C0A3176}"
EndProject
Global
	GlobalSection(SolutionConfigurationPlatforms) = preSolution
		Debug|Any CPU = Debug|Any CPU
		Release|Any CPU = Release|Any CPU
	EndGlobalSection
	GlobalSection(ProjectConfigurationPlatforms) = postSolution
		{36644834-1218-4C32-9A64-ECCC8C0A3176}.Debug|Any CPU.ActiveCfg = Debug|Any CPU
		{36644834-1218-4C32-9A64-ECCC8C0A3176}.Debug|Any CPU.Build.0 = Debug|Any CPU
		{36644834-1218-4C32-9A64-ECCC8C0A3176}.Release|Any CPU.ActiveCfg = Release|Any CPU
		{36644834-1218-4C32-9A64-ECCC8C0A3176}.Release|Any CPU.Build.0 = Release|Any CPU
	EndGlobalSection
	GlobalSection(SolutionProperties) = preSolution
		HideSolutionNode = FALSE
	EndGlobalSection
	GlobalSection(ExtensibilityGlobals) = postSolution
		SolutionGuid = {8C21936E-2718-4753-AEFE-3A6CD4B991F7}
	EndGlobalSection
EndGlobal
