
Microsoft Visual Studio Solution File, Format Version 12.00
# Visual Studio 15
VisualStudioVersion = 15.0.28010.2050
MinimumVisualStudioVersion = 10.0.40219.1
Project("{FAE04EC0-301F-11D3-BF4B-00C04F79EFBC}") = "SelectColorFromGrid", "SelectColorFromGrid\SelectColorFromGrid.csproj", "{2810D005-C5AA-4194-BF80-931AA57252D0}"
EndProject
Project("{FAE04EC0-301F-11D3-BF4B-00C04F79EFBC}") = "XamlCustomClass", "XamlCustomClass\XamlCustomClass.csproj", "{B9F7DC3B-31DD-4A82-95C2-2463B92585C8}"
EndProject
Global
	GlobalSection(SolutionConfigurationPlatforms) = preSolution
		Debug|Any CPU = Debug|Any CPU
		Release|Any CPU = Release|Any CPU
	EndGlobalSection
	GlobalSection(ProjectConfigurationPlatforms) = postSolution
		{2810D005-C5AA-4194-BF80-931AA57252D0}.Debug|Any CPU.ActiveCfg = Debug|Any CPU
		{2810D005-C5AA-4194-BF80-931AA57252D0}.Debug|Any CPU.Build.0 = Debug|Any CPU
		{2810D005-C5AA-4194-BF80-931AA57252D0}.Release|Any CPU.ActiveCfg = Release|Any CPU
		{2810D005-C5AA-4194-BF80-931AA57252D0}.Release|Any CPU.Build.0 = Release|Any CPU
		{B9F7DC3B-31DD-4A82-95C2-2463B92585C8}.Debug|Any CPU.ActiveCfg = Debug|Any CPU
		{B9F7DC3B-31DD-4A82-95C2-2463B92585C8}.Debug|Any CPU.Build.0 = Debug|Any CPU
		{B9F7DC3B-31DD-4A82-95C2-2463B92585C8}.Release|Any CPU.ActiveCfg = Release|Any CPU
		{B9F7DC3B-31DD-4A82-95C2-2463B92585C8}.Release|Any CPU.Build.0 = Release|Any CPU
	EndGlobalSection
	GlobalSection(SolutionProperties) = preSolution
		HideSolutionNode = FALSE
	EndGlobalSection
	GlobalSection(ExtensibilityGlobals) = postSolution
		SolutionGuid = {2341E6EF-B370-4545-800F-E36CC3183E01}
	EndGlobalSection
EndGlobal
