
Microsoft Visual Studio Solution File, Format Version 12.00
# Visual Studio 15
VisualStudioVersion = 15.0.28010.2050
MinimumVisualStudioVersion = 10.0.40219.1
Project("{FAE04EC0-301F-11D3-BF4B-00C04F79EFBC}") = "CustomElementBinding", "CustomElementBinding\CustomElementBinding.csproj", "{A989FF88-122A-4D73-A0B4-21D1EDAE6284}"
EndProject
Global
	GlobalSection(SolutionConfigurationPlatforms) = preSolution
		Debug|Any CPU = Debug|Any CPU
		Release|Any CPU = Release|Any CPU
	EndGlobalSection
	GlobalSection(ProjectConfigurationPlatforms) = postSolution
		{A989FF88-122A-4D73-A0B4-21D1EDAE6284}.Debug|Any CPU.ActiveCfg = Debug|Any CPU
		{A989FF88-122A-4D73-A0B4-21D1EDAE6284}.Debug|Any CPU.Build.0 = Debug|Any CPU
		{A989FF88-122A-4D73-A0B4-21D1EDAE6284}.Release|Any CPU.ActiveCfg = Release|Any CPU
		{A989FF88-122A-4D73-A0B4-21D1EDAE6284}.Release|Any CPU.Build.0 = Release|Any CPU
	EndGlobalSection
	GlobalSection(SolutionProperties) = preSolution
		HideSolutionNode = FALSE
	EndGlobalSection
	GlobalSection(ExtensibilityGlobals) = postSolution
		SolutionGuid = {C2B5F91F-2522-4611-9882-BF16C77FF08B}
	EndGlobalSection
EndGlobal
