
Microsoft Visual Studio Solution File, Format Version 12.00
# Visual Studio 15
VisualStudioVersion = 15.0.28010.2050
MinimumVisualStudioVersion = 10.0.40219.1
Project("{FAE04EC0-301F-11D3-BF4B-00C04F79EFBC}") = "GradientBrush", "GradientBrush\GradientBrush.csproj", "{34B8DBEC-A005-41F6-B0F4-CB0A5D63E94F}"
EndProject
Global
	GlobalSection(SolutionConfigurationPlatforms) = preSolution
		Debug|Any CPU = Debug|Any CPU
		Release|Any CPU = Release|Any CPU
	EndGlobalSection
	GlobalSection(ProjectConfigurationPlatforms) = postSolution
		{34B8DBEC-A005-41F6-B0F4-CB0A5D63E94F}.Debug|Any CPU.ActiveCfg = Debug|Any CPU
		{34B8DBEC-A005-41F6-B0F4-CB0A5D63E94F}.Debug|Any CPU.Build.0 = Debug|Any CPU
		{34B8DBEC-A005-41F6-B0F4-CB0A5D63E94F}.Release|Any CPU.ActiveCfg = Release|Any CPU
		{34B8DBEC-A005-41F6-B0F4-CB0A5D63E94F}.Release|Any CPU.Build.0 = Release|Any CPU
	EndGlobalSection
	GlobalSection(SolutionProperties) = preSolution
		HideSolutionNode = FALSE
	EndGlobalSection
	GlobalSection(ExtensibilityGlobals) = postSolution
		SolutionGuid = {A4149445-A3C6-46FC-8B2E-5B0EA67F9EC5}
	EndGlobalSection
EndGlobal
