
Microsoft Visual Studio Solution File, Format Version 12.00
# Visual Studio 15
VisualStudioVersion = 15.0.28010.2050
MinimumVisualStudioVersion = 10.0.40219.1
Project("{FAE04EC0-301F-11D3-BF4B-00C04F79EFBC}") = "ContentTest3", "ContentTest3\ContentTest3.csproj", "{76FBC0A8-FAA3-41AC-BCF7-08E095364F2A}"
EndProject
Global
	GlobalSection(SolutionConfigurationPlatforms) = preSolution
		Debug|Any CPU = Debug|Any CPU
		Release|Any CPU = Release|Any CPU
	EndGlobalSection
	GlobalSection(ProjectConfigurationPlatforms) = postSolution
		{76FBC0A8-FAA3-41AC-BCF7-08E095364F2A}.Debug|Any CPU.ActiveCfg = Debug|Any CPU
		{76FBC0A8-FAA3-41AC-BCF7-08E095364F2A}.Debug|Any CPU.Build.0 = Debug|Any CPU
		{76FBC0A8-FAA3-41AC-BCF7-08E095364F2A}.Release|Any CPU.ActiveCfg = Release|Any CPU
		{76FBC0A8-FAA3-41AC-BCF7-08E095364F2A}.Release|Any CPU.Build.0 = Release|Any CPU
	EndGlobalSection
	GlobalSection(SolutionProperties) = preSolution
		HideSolutionNode = FALSE
	EndGlobalSection
	GlobalSection(ExtensibilityGlobals) = postSolution
		SolutionGuid = {AC4BE719-550E-4D30-AAA5-B2F5843F680A}
	EndGlobalSection
EndGlobal
