
Microsoft Visual Studio Solution File, Format Version 12.00
# Visual Studio 15
VisualStudioVersion = 15.0.28010.2050
MinimumVisualStudioVersion = 10.0.40219.1
Project("{FAE04EC0-301F-11D3-BF4B-00C04F79EFBC}") = "HelloWord2", "HelloWord2\HelloWord2.csproj", "{A9B1C3FB-1801-42D7-8C76-5FB7AB1C20A6}"
EndProject
Global
	GlobalSection(SolutionConfigurationPlatforms) = preSolution
		Debug|Any CPU = Debug|Any CPU
		Release|Any CPU = Release|Any CPU
	EndGlobalSection
	GlobalSection(ProjectConfigurationPlatforms) = postSolution
		{A9B1C3FB-1801-42D7-8C76-5FB7AB1C20A6}.Debug|Any CPU.ActiveCfg = Debug|Any CPU
		{A9B1C3FB-1801-42D7-8C76-5FB7AB1C20A6}.Debug|Any CPU.Build.0 = Debug|Any CPU
		{A9B1C3FB-1801-42D7-8C76-5FB7AB1C20A6}.Release|Any CPU.ActiveCfg = Release|Any CPU
		{A9B1C3FB-1801-42D7-8C76-5FB7AB1C20A6}.Release|Any CPU.Build.0 = Release|Any CPU
	EndGlobalSection
	GlobalSection(SolutionProperties) = preSolution
		HideSolutionNode = FALSE
	EndGlobalSection
	GlobalSection(ExtensibilityGlobals) = postSolution
		SolutionGuid = {D19FA9C4-083E-4995-98CC-0588D7EC17EA}
	EndGlobalSection
EndGlobal
