
Microsoft Visual Studio Solution File, Format Version 12.00
# Visual Studio 15
VisualStudioVersion = 15.0.28010.2050
MinimumVisualStudioVersion = 10.0.40219.1
Project("{FAE04EC0-301F-11D3-BF4B-00C04F79EFBC}") = "LoadXaml", "LoadXaml\LoadXaml.csproj", "{605AC587-24BB-427D-B6B1-DDC87130B52D}"
EndProject
Global
	GlobalSection(SolutionConfigurationPlatforms) = preSolution
		Debug|Any CPU = Debug|Any CPU
		Release|Any CPU = Release|Any CPU
	EndGlobalSection
	GlobalSection(ProjectConfigurationPlatforms) = postSolution
		{605AC587-24BB-427D-B6B1-DDC87130B52D}.Debug|Any CPU.ActiveCfg = Debug|Any CPU
		{605AC587-24BB-427D-B6B1-DDC87130B52D}.Debug|Any CPU.Build.0 = Debug|Any CPU
		{605AC587-24BB-427D-B6B1-DDC87130B52D}.Release|Any CPU.ActiveCfg = Release|Any CPU
		{605AC587-24BB-427D-B6B1-DDC87130B52D}.Release|Any CPU.Build.0 = Release|Any CPU
	EndGlobalSection
	GlobalSection(SolutionProperties) = preSolution
		HideSolutionNode = FALSE
	EndGlobalSection
	GlobalSection(ExtensibilityGlobals) = postSolution
		SolutionGuid = {06BB7DC6-4B62-4A27-A022-22276D562A83}
	EndGlobalSection
EndGlobal
