
Microsoft Visual Studio Solution File, Format Version 12.00
# Visual Studio 15
VisualStudioVersion = 15.0.28010.2050
MinimumVisualStudioVersion = 10.0.40219.1
Project("{FAE04EC0-301F-11D3-BF4B-00C04F79EFBC}") = "DockPanelTest", "DockPanelTest\DockPanelTest.csproj", "{7C6BA94F-271C-419E-84CB-960B49B40AED}"
EndProject
Global
	GlobalSection(SolutionConfigurationPlatforms) = preSolution
		Debug|Any CPU = Debug|Any CPU
		Release|Any CPU = Release|Any CPU
	EndGlobalSection
	GlobalSection(ProjectConfigurationPlatforms) = postSolution
		{7C6BA94F-271C-419E-84CB-960B49B40AED}.Debug|Any CPU.ActiveCfg = Debug|Any CPU
		{7C6BA94F-271C-419E-84CB-960B49B40AED}.Debug|Any CPU.Build.0 = Debug|Any CPU
		{7C6BA94F-271C-419E-84CB-960B49B40AED}.Release|Any CPU.ActiveCfg = Release|Any CPU
		{7C6BA94F-271C-419E-84CB-960B49B40AED}.Release|Any CPU.Build.0 = Release|Any CPU
	EndGlobalSection
	GlobalSection(SolutionProperties) = preSolution
		HideSolutionNode = FALSE
	EndGlobalSection
	GlobalSection(ExtensibilityGlobals) = postSolution
		SolutionGuid = {06E0FF7F-5CB0-4D42-8F9D-429C3CDEF99F}
	EndGlobalSection
EndGlobal
